
Microsoft Visual Studio Solution File, Format Version 12.00
# Visual Studio Version 17
VisualStudioVersion = 17.12.35521.163 d17.12
MinimumVisualStudioVersion = 10.0.40219.1
Project("{FAE04EC0-301F-11D3-BF4B-00C04F79EFBC}") = "Exam_tast1", "Exam_tast1\Exam_tast1.csproj", "{013C4234-9534-4D16-97F7-3CD338166857}"
EndProject
Global
	GlobalSection(SolutionConfigurationPlatforms) = preSolution
		Debug|Any CPU = Debug|Any CPU
		Release|Any CPU = Release|Any CPU
	EndGlobalSection
	GlobalSection(ProjectConfigurationPlatforms) = postSolution
		{013C4234-9534-4D16-97F7-3CD338166857}.Debug|Any CPU.ActiveCfg = Debug|Any CPU
		{013C4234-9534-4D16-97F7-3CD338166857}.Debug|Any CPU.Build.0 = Debug|Any CPU
		{013C4234-9534-4D16-97F7-3CD338166857}.Release|Any CPU.ActiveCfg = Release|Any CPU
		{013C4234-9534-4D16-97F7-3CD338166857}.Release|Any CPU.Build.0 = Release|Any CPU
	EndGlobalSection
	GlobalSection(SolutionProperties) = preSolution
		HideSolutionNode = FALSE
	EndGlobalSection
EndGlobal
